
Microsoft Visual Studio Solution File, Format Version 12.00
# Visual Studio Version 16
VisualStudioVersion = 16.0.31624.102
MinimumVisualStudioVersion = 10.0.40219.1
Project("{FAE04EC0-301F-11D3-BF4B-00C04F79EFBC}") = "WpfAppprak", "WpfAppprak\WpfAppprak.csproj", "{14B43EF2-0AFA-4DD4-8D11-470AB73F5EF7}"
EndProject
Global
	GlobalSection(SolutionConfigurationPlatforms) = preSolution
		Debug|Any CPU = Debug|Any CPU
		Release|Any CPU = Release|Any CPU
	EndGlobalSection
	GlobalSection(ProjectConfigurationPlatforms) = postSolution
		{14B43EF2-0AFA-4DD4-8D11-470AB73F5EF7}.Debug|Any CPU.ActiveCfg = Debug|Any CPU
		{14B43EF2-0AFA-4DD4-8D11-470AB73F5EF7}.Debug|Any CPU.Build.0 = Debug|Any CPU
		{14B43EF2-0AFA-4DD4-8D11-470AB73F5EF7}.Release|Any CPU.ActiveCfg = Release|Any CPU
		{14B43EF2-0AFA-4DD4-8D11-470AB73F5EF7}.Release|Any CPU.Build.0 = Release|Any CPU
	EndGlobalSection
	GlobalSection(SolutionProperties) = preSolution
		HideSolutionNode = FALSE
	EndGlobalSection
	GlobalSection(ExtensibilityGlobals) = postSolution
		SolutionGuid = {51888FE6-FD88-44B2-998D-CA94B4FB06CA}
	EndGlobalSection
EndGlobal
